// !$*UTF8*$!
{
	archiveVersion = 1;
	classes = {
	};
	objectVersion = 50;
	objects = {

/* Begin PBXBuildFile section */
		68AAAE372562D9A8001FE33D /* AppDelegate.swift in Sources */ = {isa = PBXBuildFile; fileRef = 68AAAE362562D9A8001FE33D /* AppDelegate.swift */; };
		68AAAE392562D9A8001FE33D /* SceneDelegate.swift in Sources */ = {isa = PBXBuildFile; fileRef = 68AAAE382562D9A8001FE33D /* SceneDelegate.swift */; };
		68AAAE3B2562D9A8001FE33D /* ViewController.swift in Sources */ = {isa = PBXBuildFile; fileRef = 68AAAE3A2562D9A8001FE33D /* ViewController.swift */; };
		68AAAE3E2562D9A8001FE33D /* Main.storyboard in Resources */ = {isa = PBXBuildFile; fileRef = 68AAAE3C2562D9A8001FE33D /* Main.storyboard */; };
		68AAAE402562D9AA001FE33D /* Assets.xcassets in Resources */ = {isa = PBXBuildFile; fileRef = 68AAAE3F2562D9AA001FE33D /* Assets.xcassets */; };
		68AAAE432562D9AA001FE33D /* LaunchScreen.storyboard in Resources */ = {isa = PBXBuildFile; fileRef = 68AAAE412562D9AA001FE33D /* LaunchScreen.storyboard */; };
/* End PBXBuildFile section */

/* Begin PBXFileReference section */
		68AAAE332562D9A8001FE33D /* HelloIAPWorld.app */ = {isa = PBXFileReference; explicitFileType = wrapper.application; includeInIndex = 0; path = HelloIAPWorld.app; sourceTree = BUILT_PRODUCTS_DIR; };
		68AAAE362562D9A8001FE33D /* AppDelegate.swift */ = {isa = PBXFileReference; lastKnownFileType = sourcecode.swift; path = AppDelegate.swift; sourceTree = "<group>"; };
		68AAAE382562D9A8001FE33D /* SceneDelegate.swift */ = {isa = PBXFileReference; lastKnownFileType = sourcecode.swift; path = SceneDelegate.swift; sourceTree = "<group>"; };
		68AAAE3A2562D9A8001FE33D /* ViewController.swift */ = {isa = PBXFileReference; lastKnownFileType = sourcecode.swift; path = ViewController.swift; sourceTree = "<group>"; };
		68AAAE3D2562D9A8001FE33D /* Base */ = {isa = PBXFileReference; lastKnownFileType = file.storyboard; name = Base; path = Base.lproj/Main.storyboard; sourceTree = "<group>"; };
		68AAAE3F2562D9AA001FE33D /* Assets.xcassets */ = {isa = PBXFileReference; lastKnownFileType = folder.assetcatalog; path = Assets.xcassets; sourceTree = "<group>"; };
		68AAAE422562D9AA001FE33D /* Base */ = {isa = PBXFileReference; lastKnownFileType = file.storyboard; name = Base; path = Base.lproj/LaunchScreen.storyboard; sourceTree = "<group>"; };
		68AAAE442562D9AA001FE33D /* Info.plist */ = {isa = PBXFileReference; lastKnownFileType = text.plist.xml; path = Info.plist; sourceTree = "<group>"; };
/* End PBXFileReference section */

/* Begin PBXFrameworksBuildPhase section */
		68AAAE302562D9A8001FE33D /* Frameworks */ = {
			isa = PBXFrameworksBuildPhase;
			buildActionMask = 2147483647;
			files = (
			);
			runOnlyForDeploymentPostprocessing = 0;
		};
/* End PBXFrameworksBuildPhase section */

/* Begin PBXGroup section */
		68AAAE2A2562D9A8001FE33D = {
			isa = PBXGroup;
			children = (
				68AAAE352562D9A8001FE33D /* HelloIAPWorld */,
				68AAAE342562D9A8001FE33D /* Products */,
			);
			sourceTree = "<group>";
		};
		68AAAE342562D9A8001FE33D /* Products */ = {
			isa = PBXGroup;
			children = (
				68AAAE332562D9A8001FE33D /* HelloIAPWorld.app */,
			);
			name = Products;
			sourceTree = "<group>";
		};
		68AAAE352562D9A8001FE33D /* HelloIAPWorld */ = {
			isa = PBXGroup;
			children = (
				68AAAE362562D9A8001FE33D /* AppDelegate.swift */,
				68AAAE382562D9A8001FE33D /* SceneDelegate.swift */,
				68AAAE3A2562D9A8001FE33D /* ViewController.swift */,
				68AAAE3C2562D9A8001FE33D /* Main.storyboard */,
				68AAAE3F2562D9AA001FE33D /* Assets.xcassets */,
				68AAAE412562D9AA001FE33D /* LaunchScreen.storyboard */,
				68AAAE442562D9AA001FE33D /* Info.plist */,
			);
			path = HelloIAPWorld;
			sourceTree = "<group>";
		};
/* End PBXGroup section */

/* Begin PBXNativeTarget section */
		68AAAE322562D9A8001FE33D /* HelloIAPWorld */ = {
			isa = PBXNativeTarget;
			buildConfigurationList = 68AAAE472562D9AA001FE33D /* Build configuration list for PBXNativeTarget "HelloIAPWorld" */;
			buildPhases = (
				68AAAE2F2562D9A8001FE33D /* Sources */,
				68AAAE302562D9A8001FE33D /* Frameworks */,
				68AAAE312562D9A8001FE33D /* Resources */,
			);
			buildRules = (
			);
			dependencies = (
			);
			name = HelloIAPWorld;
			productName = HelloIAPWorld;
			productReference = 68AAAE332562D9A8001FE33D /* HelloIAPWorld.app */;
			productType = "com.apple.product-type.application";
		};
/* End PBXNativeTarget section */

/* Begin PBXProject section */
		68AAAE2B2562D9A8001FE33D /* Project object */ = {
			isa = PBXProject;
			attributes = {
				LastSwiftUpdateCheck = 1220;
				LastUpgradeCheck = 1220;
				TargetAttributes = {
					68AAAE322562D9A8001FE33D = {
						CreatedOnToolsVersion = 12.2;
					};
				};
			};
			buildConfigurationList = 68AAAE2E2562D9A8001FE33D /* Build configuration list for PBXProject "HelloIAPWorld" */;
			compatibilityVersion = "Xcode 9.3";
			developmentRegion = en;
			hasScannedForEncodings = 0;
			knownRegions = (
				en,
				Base,
			);
			mainGroup = 68AAAE2A2562D9A8001FE33D;
			productRefGroup = 68AAAE342562D9A8001FE33D /* Products */;
			projectDirPath = "";
			projectRoot = "";
			targets = (
				68AAAE322562D9A8001FE33D /* HelloIAPWorld */,
			);
		};
/* End PBXProject section */

/* Begin PBXResourcesBuildPhase section */
		68AAAE312562D9A8001FE33D /* Resources */ = {
			isa = PBXResourcesBuildPhase;
			buildActionMask = 2147483647;
			files = (
				68AAAE432562D9AA001FE33D /* LaunchScreen.storyboard in Resources */,
				68AAAE402562D9AA001FE33D /* Assets.xcassets in Resources */,
				68AAAE3E2562D9A8001FE33D /* Main.storyboard in Resources */,
			);
			runOnlyForDeploymentPostprocessing = 0;
		};
/* End PBXResourcesBuildPhase section */

/* Begin PBXSourcesBuildPhase section */
		68AAAE2F2562D9A8001FE33D /* Sources */ = {
			isa = PBXSourcesBuildPhase;
			buildActionMask = 2147483647;
			files = (
				68AAAE3B2562D9A8001FE33D /* ViewController.swift in Sources */,
				68AAAE372562D9A8001FE33D /* AppDelegate.swift in Sources */,
				68AAAE392562D9A8001FE33D /* SceneDelegate.swift in Sources */,
			);
			runOnlyForDeploymentPostprocessing = 0;
		};
/* End PBXSourcesBuildPhase section */

/* Begin PBXVariantGroup section */
		68AAAE3C2562D9A8001FE33D /* Main.storyboard */ = {
			isa = PBXVariantGroup;
			children = (
				68AAAE3D2562D9A8001FE33D /* Base */,
			);
			name = Main.storyboard;
			sourceTree = "<group>";
		};
		68AAAE412562D9AA001FE33D /* LaunchScreen.storyboard */ = {
			isa = PBXVariantGroup;
			children = (
				68AAAE422562D9AA001FE33D /* Base */,
			);
			name = LaunchScreen.storyboard;
			sourceTree = "<group>";
		};
/* End PBXVariantGroup section */

/* Begin XCBuildConfiguration section */
		68AAAE452562D9AA001FE33D /* Debug */ = {
			isa = XCBuildConfiguration;
			buildSettings = {
				ALWAYS_SEARCH_USER_PATHS = NO;
				CLANG_ANALYZER_NONNULL = YES;
				CLANG_ANALYZER_NUMBER_OBJECT_CONVERSION = YES_AGGRESSIVE;
				CLANG_CXX_LANGUAGE_STANDARD = "gnu++14";
				CLANG_CXX_LIBRARY = "libc++";
				CLANG_ENABLE_MODULES = YES;
				CLANG_ENABLE_OBJC_ARC = YES;
				CLANG_ENABLE_OBJC_WEAK = YES;
				CLANG_WARN_BLOCK_CAPTURE_AUTORELEASING = YES;
				CLANG_WARN_BOOL_CONVERSION = YES;
				CLANG_WARN_COMMA = YES;
				CLANG_WARN_CONSTANT_CONVERSION = YES;
				CLANG_WARN_DEPRECATED_OBJC_IMPLEMENTATIONS = YES;
				CLANG_WARN_DIRECT_OBJC_ISA_USAGE = YES_ERROR;
				CLANG_WARN_DOCUMENTATION_COMMENTS = YES;
				CLANG_WARN_EMPTY_BODY = YES;
				CLANG_WARN_ENUM_CONVERSION = YES;
				CLANG_WARN_INFINITE_RECURSION = YES;
				CLANG_WARN_INT_CONVERSION = YES;
				CLANG_WARN_NON_LITERAL_NULL_CONVERSION = YES;
				CLANG_WARN_OBJC_IMPLICIT_RETAIN_SELF = YES;
				CLANG_WARN_OBJC_LITERAL_CONVERSION = YES;
				CLANG_WARN_OBJC_ROOT_CLASS = YES_ERROR;
				CLANG_WARN_QUOTED_INCLUDE_IN_FRAMEWORK_HEADER = YES;
				CLANG_WARN_RANGE_LOOP_ANALYSIS = YES;
				CLANG_WARN_STRICT_PROTOTYPES = YES;
				CLANG_WARN_SUSPICIOUS_MOVE = YES;
				CLANG_WARN_UNGUARDED_AVAILABILITY = YES_AGGRESSIVE;
				CLANG_WARN_UNREACHABLE_CODE = YES;
				CLANG_WARN__DUPLICATE_METHOD_MATCH = YES;
				COPY_PHASE_STRIP = NO;
				DEBUG_INFORMATION_FORMAT = dwarf;
				ENABLE_STRICT_OBJC_MSGSEND = YES;
				ENABLE_TESTABILITY = YES;
				GCC_C_LANGUAGE_STANDARD = gnu11;
				GCC_DYNAMIC_NO_PIC = NO;
				GCC_NO_COMMON_BLOCKS = YES;
				GCC_OPTIMIZATION_LEVEL = 0;
				GCC_PREPROCESSOR_DEFINITIONS = (
					"DEBUG=1",
					"$(inherited)",
				);
				GCC_WARN_64_TO_32_BIT_CONVERSION = YES;
				GCC_WARN_ABOUT_RETURN_TYPE = YES_ERROR;
				GCC_WARN_UNDECLARED_SELECTOR = YES;
				GCC_WARN_UNINITIALIZED_AUTOS = YES_AGGRESSIVE;
				GCC_WARN_UNUSED_FUNCTION = YES;
				GCC_WARN_UNUSED_VARIABLE = YES;
				IPHONEOS_DEPLOYMENT_TARGET = 14.2;
				MTL_ENABLE_DEBUG_INFO = INCLUDE_SOURCE;
				MTL_FAST_MATH = YES;
				ONLY_ACTIVE_ARCH = YES;
				SDKROOT = iphoneos;
				SWIFT_ACTIVE_COMPILATION_CONDITIONS = DEBUG;
				SWIFT_OPTIMIZATION_LEVEL = "-Onone";
			};
			name = Debug;
		};
		68AAAE462562D9AA001FE33D /* Release */ = {
			isa = XCBuildConfiguration;
			buildSettings = {
				ALWAYS_SEARCH_USER_PATHS = NO;
				CLANG_ANALYZER_NONNULL = YES;
				CLANG_ANALYZER_NUMBER_OBJECT_CONVERSION = YES_AGGRESSIVE;
				CLANG_CXX_LANGUAGE_STANDARD = "gnu++14";
				CLANG_CXX_LIBRARY = "libc++";
				CLANG_ENABLE_MODULES = YES;
				CLANG_ENABLE_OBJC_ARC = YES;
				CLANG_ENABLE_OBJC_WEAK = YES;
				CLANG_WARN_BLOCK_CAPTURE_AUTORELEASING = YES;
				CLANG_WARN_BOOL_CONVERSION = YES;
				CLANG_WARN_COMMA = YES;
				CLANG_WARN_CONSTANT_CONVERSION = YES;
				CLANG_WARN_DEPRECATED_OBJC_IMPLEMENTATIONS = YES;
				CLANG_WARN_DIRECT_OBJC_ISA_USAGE = YES_ERROR;
				CLANG_WARN_DOCUMENTATION_COMMENTS = YES;
				CLANG_WARN_EMPTY_BODY = YES;
				CLANG_WARN_ENUM_CONVERSION = YES;
				CLANG_WARN_INFINITE_RECURSION = YES;
				CLANG_WARN_INT_CONVERSION = YES;
				CLANG_WARN_NON_LITERAL_NULL_CONVERSION = YES;
				CLANG_WARN_OBJC_IMPLICIT_RETAIN_SELF = YES;
				CLANG_WARN_OBJC_LITERAL_CONVERSION = YES;
				CLANG_WARN_OBJC_ROOT_CLASS = YES_ERROR;
				CLANG_WARN_QUOTED_INCLUDE_IN_FRAMEWORK_HEADER = YES;
				CLANG_WARN_RANGE_LOOP_ANALYSIS = YES;
				CLANG_WARN_STRICT_PROTOTYPES = YES;
				CLANG_WARN_SUSPICIOUS_MOVE = YES;
				CLANG_WARN_UNGUARDED_AVAILABILITY = YES_AGGRESSIVE;
				CLANG_WARN_UNREACHABLE_CODE = YES;
				CLANG_WARN__DUPLICATE_METHOD_MATCH = YES;
				COPY_PHASE_STRIP = NO;
				DEBUG_INFORMATION_FORMAT = "dwarf-with-dsym";
				ENABLE_NS_ASSERTIONS = NO;
				ENABLE_STRICT_OBJC_MSGSEND = YES;
				GCC_C_LANGUAGE_STANDARD = gnu11;
				GCC_NO_COMMON_BLOCKS = YES;
				GCC_WARN_64_TO_32_BIT_CONVERSION = YES;
				GCC_WARN_ABOUT_RETURN_TYPE = YES_ERROR;
				GCC_WARN_UNDECLARED_SELECTOR = YES;
				GCC_WARN_UNINITIALIZED_AUTOS = YES_AGGRESSIVE;
				GCC_WARN_UNUSED_FUNCTION = YES;
				GCC_WARN_UNUSED_VARIABLE = YES;
				IPHONEOS_DEPLOYMENT_TARGET = 14.2;
				MTL_ENABLE_DEBUG_INFO = NO;
				MTL_FAST_MATH = YES;
				SDKROOT = iphoneos;
				SWIFT_COMPILATION_MODE = wholemodule;
				SWIFT_OPTIMIZATION_LEVEL = "-O";
				VALIDATE_PRODUCT = YES;
			};
			name = Release;
		};
		68AAAE482562D9AA001FE33D /* Debug */ = {
			isa = XCBuildConfiguration;
			buildSettings = {
				ASSETCATALOG_COMPILER_APPICON_NAME = AppIcon;
				ASSETCATALOG_COMPILER_GLOBAL_ACCENT_COLOR_NAME = AccentColor;
				CODE_SIGN_STYLE = Automatic;
				DEVELOPMENT_TEAM = R6BE99W3FU;
				INFOPLIST_FILE = HelloIAPWorld/Info.plist;
				LD_RUNPATH_SEARCH_PATHS = (
					"$(inherited)",
					"@executable_path/Frameworks",
				);
				PRODUCT_BUNDLE_IDENTIFIER = com.rarcher.HelloIAPWorld;
				PRODUCT_NAME = "$(TARGET_NAME)";
				SWIFT_VERSION = 5.0;
				TARGETED_DEVICE_FAMILY = "1,2";
			};
			name = Debug;
		};
		68AAAE492562D9AA001FE33D /* Release */ = {
			isa = XCBuildConfiguration;
			buildSettings = {
				ASSETCATALOG_COMPILER_APPICON_NAME = AppIcon;
				ASSETCATALOG_COMPILER_GLOBAL_ACCENT_COLOR_NAME = AccentColor;
				CODE_SIGN_STYLE = Automatic;
				DEVELOPMENT_TEAM = R6BE99W3FU;
				INFOPLIST_FILE = HelloIAPWorld/Info.plist;
				LD_RUNPATH_SEARCH_PATHS = (
					"$(inherited)",
					"@executable_path/Frameworks",
				);
				PRODUCT_BUNDLE_IDENTIFIER = com.rarcher.HelloIAPWorld;
				PRODUCT_NAME = "$(TARGET_NAME)";
				SWIFT_VERSION = 5.0;
				TARGETED_DEVICE_FAMILY = "1,2";
			};
			name = Release;
		};
/* End XCBuildConfiguration section */

/* Begin XCConfigurationList section */
		68AAAE2E2562D9A8001FE33D /* Build configuration list for PBXProject "HelloIAPWorld" */ = {
			isa = XCConfigurationList;
			buildConfigurations = (
				68AAAE452562D9AA001FE33D /* Debug */,
				68AAAE462562D9AA001FE33D /* Release */,
			);
			defaultConfigurationIsVisible = 0;
			defaultConfigurationName = Release;
		};
		68AAAE472562D9AA001FE33D /* Build configuration list for PBXNativeTarget "HelloIAPWorld" */ = {
			isa = XCConfigurationList;
			buildConfigurations = (
				68AAAE482562D9AA001FE33D /* Debug */,
				68AAAE492562D9AA001FE33D /* Release */,
			);
			defaultConfigurationIsVisible = 0;
			defaultConfigurationName = Release;
		};
/* End XCConfigurationList section */
	};
	rootObject = 68AAAE2B2562D9A8001FE33D /* Project object */;
}
